
Microsoft Visual Studio Solution File, Format Version 12.00
# Visual Studio 2012
Project("{FAE04EC0-301F-11D3-BF4B-00C04F79EFBC}") = "Hydratus", "Hydratus\Hydratus.csproj", "{37E30E6D-75BD-49AF-BB78-9D97EDE25596}"
EndProject
Project("{FAE04EC0-301F-11D3-BF4B-00C04F79EFBC}") = "Hydratus.iOS", "iOS\Hydratus.iOS.csproj", "{948D12F7-D683-4CB5-9289-AB2F1EDEAA4C}"
EndProject
Project("{FAE04EC0-301F-11D3-BF4B-00C04F79EFBC}") = "Hydratus.Droid", "Droid\Hydratus.Droid.csproj", "{5032AF04-DC00-4099-8B8A-E2F9F2D08CBD}"
EndProject
Global
	GlobalSection(SolutionConfigurationPlatforms) = preSolution
		Debug|Any CPU = Debug|Any CPU
		Release|Any CPU = Release|Any CPU
		Debug|iPhoneSimulator = Debug|iPhoneSimulator
		Release|iPhone = Release|iPhone
		Release|iPhoneSimulator = Release|iPhoneSimulator
		Debug|iPhone = Debug|iPhone
	EndGlobalSection
	GlobalSection(ProjectConfigurationPlatforms) = postSolution
		{37E30E6D-75BD-49AF-BB78-9D97EDE25596}.Debug|Any CPU.ActiveCfg = Debug|Any CPU
		{37E30E6D-75BD-49AF-BB78-9D97EDE25596}.Debug|Any CPU.Build.0 = Debug|Any CPU
		{37E30E6D-75BD-49AF-BB78-9D97EDE25596}.Release|Any CPU.ActiveCfg = Release|Any CPU
		{37E30E6D-75BD-49AF-BB78-9D97EDE25596}.Release|Any CPU.Build.0 = Release|Any CPU
		{37E30E6D-75BD-49AF-BB78-9D97EDE25596}.Debug|iPhoneSimulator.ActiveCfg = Debug|Any CPU
		{37E30E6D-75BD-49AF-BB78-9D97EDE25596}.Debug|iPhoneSimulator.Build.0 = Debug|Any CPU
		{37E30E6D-75BD-49AF-BB78-9D97EDE25596}.Release|iPhone.ActiveCfg = Release|Any CPU
		{37E30E6D-75BD-49AF-BB78-9D97EDE25596}.Release|iPhone.Build.0 = Release|Any CPU
		{37E30E6D-75BD-49AF-BB78-9D97EDE25596}.Release|iPhoneSimulator.ActiveCfg = Release|Any CPU
		{37E30E6D-75BD-49AF-BB78-9D97EDE25596}.Release|iPhoneSimulator.Build.0 = Release|Any CPU
		{37E30E6D-75BD-49AF-BB78-9D97EDE25596}.Debug|iPhone.ActiveCfg = Debug|Any CPU
		{37E30E6D-75BD-49AF-BB78-9D97EDE25596}.Debug|iPhone.Build.0 = Debug|Any CPU
		{948D12F7-D683-4CB5-9289-AB2F1EDEAA4C}.Debug|Any CPU.ActiveCfg = Debug|iPhoneSimulator
		{948D12F7-D683-4CB5-9289-AB2F1EDEAA4C}.Debug|Any CPU.Build.0 = Debug|iPhoneSimulator
		{948D12F7-D683-4CB5-9289-AB2F1EDEAA4C}.Release|Any CPU.ActiveCfg = Release|iPhone
		{948D12F7-D683-4CB5-9289-AB2F1EDEAA4C}.Release|Any CPU.Build.0 = Release|iPhone
		{948D12F7-D683-4CB5-9289-AB2F1EDEAA4C}.Debug|iPhoneSimulator.ActiveCfg = Debug|iPhoneSimulator
		{948D12F7-D683-4CB5-9289-AB2F1EDEAA4C}.Debug|iPhoneSimulator.Build.0 = Debug|iPhoneSimulator
		{948D12F7-D683-4CB5-9289-AB2F1EDEAA4C}.Release|iPhone.ActiveCfg = Release|iPhone
		{948D12F7-D683-4CB5-9289-AB2F1EDEAA4C}.Release|iPhone.Build.0 = Release|iPhone
		{948D12F7-D683-4CB5-9289-AB2F1EDEAA4C}.Release|iPhoneSimulator.ActiveCfg = Release|iPhoneSimulator
		{948D12F7-D683-4CB5-9289-AB2F1EDEAA4C}.Release|iPhoneSimulator.Build.0 = Release|iPhoneSimulator
		{948D12F7-D683-4CB5-9289-AB2F1EDEAA4C}.Debug|iPhone.ActiveCfg = Debug|iPhone
		{948D12F7-D683-4CB5-9289-AB2F1EDEAA4C}.Debug|iPhone.Build.0 = Debug|iPhone
		{5032AF04-DC00-4099-8B8A-E2F9F2D08CBD}.Debug|Any CPU.ActiveCfg = Debug|Any CPU
		{5032AF04-DC00-4099-8B8A-E2F9F2D08CBD}.Debug|Any CPU.Build.0 = Debug|Any CPU
		{5032AF04-DC00-4099-8B8A-E2F9F2D08CBD}.Release|Any CPU.ActiveCfg = Release|Any CPU
		{5032AF04-DC00-4099-8B8A-E2F9F2D08CBD}.Release|Any CPU.Build.0 = Release|Any CPU
		{5032AF04-DC00-4099-8B8A-E2F9F2D08CBD}.Debug|iPhoneSimulator.ActiveCfg = Debug|Any CPU
		{5032AF04-DC00-4099-8B8A-E2F9F2D08CBD}.Debug|iPhoneSimulator.Build.0 = Debug|Any CPU
		{5032AF04-DC00-4099-8B8A-E2F9F2D08CBD}.Release|iPhone.ActiveCfg = Release|Any CPU
		{5032AF04-DC00-4099-8B8A-E2F9F2D08CBD}.Release|iPhone.Build.0 = Release|Any CPU
		{5032AF04-DC00-4099-8B8A-E2F9F2D08CBD}.Release|iPhoneSimulator.ActiveCfg = Release|Any CPU
		{5032AF04-DC00-4099-8B8A-E2F9F2D08CBD}.Release|iPhoneSimulator.Build.0 = Release|Any CPU
		{5032AF04-DC00-4099-8B8A-E2F9F2D08CBD}.Debug|iPhone.ActiveCfg = Debug|Any CPU
		{5032AF04-DC00-4099-8B8A-E2F9F2D08CBD}.Debug|iPhone.Build.0 = Debug|Any CPU
	EndGlobalSection
EndGlobal
